
Microsoft Visual Studio Solution File, Format Version 12.00
# Visual Studio Version 17
VisualStudioVersion = 17.8.34330.188
MinimumVisualStudioVersion = 10.0.40219.1
Project("{9A19103F-16F7-4668-BE54-9A1E7A4F7556}") = "ConsoleApp1", "ConsoleApp1.csproj", "{FB8FB056-5631-42A9-8BA7-4A0CD53B5948}"
EndProject
Global
	GlobalSection(SolutionConfigurationPlatforms) = preSolution
		Debug|Any CPU = Debug|Any CPU
		Release|Any CPU = Release|Any CPU
	EndGlobalSection
	GlobalSection(ProjectConfigurationPlatforms) = postSolution
		{FB8FB056-5631-42A9-8BA7-4A0CD53B5948}.Debug|Any CPU.ActiveCfg = Debug|Any CPU
		{FB8FB056-5631-42A9-8BA7-4A0CD53B5948}.Debug|Any CPU.Build.0 = Debug|Any CPU
		{FB8FB056-5631-42A9-8BA7-4A0CD53B5948}.Release|Any CPU.ActiveCfg = Release|Any CPU
		{FB8FB056-5631-42A9-8BA7-4A0CD53B5948}.Release|Any CPU.Build.0 = Release|Any CPU
	EndGlobalSection
	GlobalSection(SolutionProperties) = preSolution
		HideSolutionNode = FALSE
	EndGlobalSection
	GlobalSection(ExtensibilityGlobals) = postSolution
		SolutionGuid = {B593317A-F563-46F7-82CD-6A189B7EA6CD}
	EndGlobalSection
EndGlobal
